
Microsoft Visual Studio Solution File, Format Version 12.00
# Visual Studio Version 17
VisualStudioVersion = 17.9.34616.47
MinimumVisualStudioVersion = 10.0.40219.1
Project("{FAE04EC0-301F-11D3-BF4B-00C04F79EFBC}") = "Simple-Calculator-Group-Three-BSCS32E1", "Simple-Calculator-Group-Three-BSCS32E1.csproj", "{1FE84CF1-3B05-4466-BCA9-EC06D8C7E992}"
EndProject
Global
	GlobalSection(SolutionConfigurationPlatforms) = preSolution
		Debug|Any CPU = Debug|Any CPU
		Release|Any CPU = Release|Any CPU
	EndGlobalSection
	GlobalSection(ProjectConfigurationPlatforms) = postSolution
		{1FE84CF1-3B05-4466-BCA9-EC06D8C7E992}.Debug|Any CPU.ActiveCfg = Debug|Any CPU
		{1FE84CF1-3B05-4466-BCA9-EC06D8C7E992}.Debug|Any CPU.Build.0 = Debug|Any CPU
		{1FE84CF1-3B05-4466-BCA9-EC06D8C7E992}.Release|Any CPU.ActiveCfg = Release|Any CPU
		{1FE84CF1-3B05-4466-BCA9-EC06D8C7E992}.Release|Any CPU.Build.0 = Release|Any CPU
	EndGlobalSection
	GlobalSection(SolutionProperties) = preSolution
		HideSolutionNode = FALSE
	EndGlobalSection
	GlobalSection(ExtensibilityGlobals) = postSolution
		SolutionGuid = {AFA097B5-9A79-45D4-BF7C-AFA2250189BD}
	EndGlobalSection
EndGlobal
